
Microsoft Visual Studio Solution File, Format Version 12.00
# Visual Studio Version 17
VisualStudioVersion = 17.0.31919.166
MinimumVisualStudioVersion = 10.0.40219.1
Project("{FAE04EC0-301F-11D3-BF4B-00C04F79EFBC}") = "Hairdresser", "Hairdresser\Hairdresser.csproj", "{22DA2229-43FD-463F-8473-665D05E901AA}"
EndProject
Global
	GlobalSection(SolutionConfigurationPlatforms) = preSolution
		Debug|Any CPU = Debug|Any CPU
		Release|Any CPU = Release|Any CPU
	EndGlobalSection
	GlobalSection(ProjectConfigurationPlatforms) = postSolution
		{22DA2229-43FD-463F-8473-665D05E901AA}.Debug|Any CPU.ActiveCfg = Debug|Any CPU
		{22DA2229-43FD-463F-8473-665D05E901AA}.Debug|Any CPU.Build.0 = Debug|Any CPU
		{22DA2229-43FD-463F-8473-665D05E901AA}.Release|Any CPU.ActiveCfg = Release|Any CPU
		{22DA2229-43FD-463F-8473-665D05E901AA}.Release|Any CPU.Build.0 = Release|Any CPU
	EndGlobalSection
	GlobalSection(SolutionProperties) = preSolution
		HideSolutionNode = FALSE
	EndGlobalSection
	GlobalSection(ExtensibilityGlobals) = postSolution
		SolutionGuid = {7E88805F-D73E-4CB6-A026-D05BA3FA3DBC}
	EndGlobalSection
EndGlobal
